
Microsoft Visual Studio Solution File, Format Version 12.00
# Visual Studio Version 17
VisualStudioVersion = 17.0.31912.275
MinimumVisualStudioVersion = 10.0.40219.1
Project("{9A19103F-16F7-4668-BE54-9A1E7A4F7556}") = "KMVUnion.RandomProvider", "RandomProvider\KMVUnion.RandomProvider.csproj", "{6ABAF389-0AE2-4013-AD52-A03937A9D658}"
EndProject
Project("{2150E333-8FDC-42A3-9474-1A3956D46DE8}") = "Examples", "Examples", "{53B7F258-1210-42D7-8DF9-4FB0A49F7820}"
EndProject
Project("{2150E333-8FDC-42A3-9474-1A3956D46DE8}") = "Tests", "Tests", "{1683631E-7B27-4C08-B400-17B9E8038635}"
EndProject
Project("{9A19103F-16F7-4668-BE54-9A1E7A4F7556}") = "KMVUnion.RandomProvider.Example", "RandomProvider.Example\KMVUnion.RandomProvider.Example.csproj", "{3874F0E5-D8E9-4170-AEF4-CD8B314B5B92}"
EndProject
Global
	GlobalSection(SolutionConfigurationPlatforms) = preSolution
		Debug|Any CPU = Debug|Any CPU
		Release|Any CPU = Release|Any CPU
	EndGlobalSection
	GlobalSection(ProjectConfigurationPlatforms) = postSolution
		{6ABAF389-0AE2-4013-AD52-A03937A9D658}.Debug|Any CPU.ActiveCfg = Debug|Any CPU
		{6ABAF389-0AE2-4013-AD52-A03937A9D658}.Debug|Any CPU.Build.0 = Debug|Any CPU
		{6ABAF389-0AE2-4013-AD52-A03937A9D658}.Release|Any CPU.ActiveCfg = Release|Any CPU
		{6ABAF389-0AE2-4013-AD52-A03937A9D658}.Release|Any CPU.Build.0 = Release|Any CPU
		{3874F0E5-D8E9-4170-AEF4-CD8B314B5B92}.Debug|Any CPU.ActiveCfg = Debug|Any CPU
		{3874F0E5-D8E9-4170-AEF4-CD8B314B5B92}.Debug|Any CPU.Build.0 = Debug|Any CPU
		{3874F0E5-D8E9-4170-AEF4-CD8B314B5B92}.Release|Any CPU.ActiveCfg = Release|Any CPU
		{3874F0E5-D8E9-4170-AEF4-CD8B314B5B92}.Release|Any CPU.Build.0 = Release|Any CPU
	EndGlobalSection
	GlobalSection(SolutionProperties) = preSolution
		HideSolutionNode = FALSE
	EndGlobalSection
	GlobalSection(NestedProjects) = preSolution
		{3874F0E5-D8E9-4170-AEF4-CD8B314B5B92} = {53B7F258-1210-42D7-8DF9-4FB0A49F7820}
	EndGlobalSection
	GlobalSection(ExtensibilityGlobals) = postSolution
		SolutionGuid = {B53C8815-CF68-4BBF-B168-23A7C088B42E}
	EndGlobalSection
EndGlobal
